
Microsoft Visual Studio Solution File, Format Version 11.00
# Visual Studio 2010
Project("{FAE04EC0-301F-11D3-BF4B-00C04F79EFBC}") = "PlayFab", "PlayFab.csproj", "{a7d09f49-daed-7832-366d-8ab71b2a02ab}"
EndProject
Project("{FAE04EC0-301F-11D3-BF4B-00C04F79EFBC}") = "PhotonUnityNetworking.Demos", "PhotonUnityNetworking.Demos.csproj", "{22e26fdb-b03e-69be-2319-cbb22d9e23c0}"
EndProject
Project("{FAE04EC0-301F-11D3-BF4B-00C04F79EFBC}") = "PhotonUnityNetworking.Utilities", "PhotonUnityNetworking.Utilities.csproj", "{72e31e8d-8690-7e1c-9b71-f7f0906ca524}"
EndProject
Project("{FAE04EC0-301F-11D3-BF4B-00C04F79EFBC}") = "PhotonChat", "PhotonChat.csproj", "{f0f05823-4153-4ef2-ac03-cc59a8dca93b}"
EndProject
Project("{FAE04EC0-301F-11D3-BF4B-00C04F79EFBC}") = "PhotonUnityNetworking", "PhotonUnityNetworking.csproj", "{d4dd1c03-122d-e1eb-30fe-12563d3bfa31}"
EndProject
Project("{FAE04EC0-301F-11D3-BF4B-00C04F79EFBC}") = "Assembly-CSharp", "Assembly-CSharp.csproj", "{de2ac6bf-daae-aa66-3798-c68053051afe}"
EndProject
Project("{FAE04EC0-301F-11D3-BF4B-00C04F79EFBC}") = "PhotonRealtime", "PhotonRealtime.csproj", "{0f00456d-d7aa-f621-b7f9-1fe219044e1c}"
EndProject
Project("{FAE04EC0-301F-11D3-BF4B-00C04F79EFBC}") = "PlayFabEditorExtensions", "PlayFabEditorExtensions.csproj", "{417b603e-aced-9fca-9e6f-ef6034499000}"
EndProject
Project("{FAE04EC0-301F-11D3-BF4B-00C04F79EFBC}") = "PhotonUnityNetworking.Editor", "PhotonUnityNetworking.Editor.csproj", "{2b2292d8-fa74-caf6-1bad-0635f3414d5e}"
EndProject
Project("{FAE04EC0-301F-11D3-BF4B-00C04F79EFBC}") = "PunDemos.DemoHubEditor", "PunDemos.DemoHubEditor.csproj", "{a3197f09-c2db-f6f1-64af-7fd7d055026e}"
EndProject
Project("{FAE04EC0-301F-11D3-BF4B-00C04F79EFBC}") = "PhotonUnityNetworking.Utilities.PhotonPlayer.Editor", "PhotonUnityNetworking.Utilities.PhotonPlayer.Editor.csproj", "{b801f1db-b2cd-b45a-6015-7511bad91969}"
EndProject
Project("{FAE04EC0-301F-11D3-BF4B-00C04F79EFBC}") = "PhotonUnityNetworking.Utilities.Culling.Editor", "PhotonUnityNetworking.Utilities.Culling.Editor.csproj", "{7201678b-fa55-a881-0357-79611db65826}"
EndProject
Project("{FAE04EC0-301F-11D3-BF4B-00C04F79EFBC}") = "Assembly-CSharp-Editor-firstpass", "Assembly-CSharp-Editor-firstpass.csproj", "{c30d1653-a912-1a1a-b34b-ed64949a7141}"
EndProject
Project("{FAE04EC0-301F-11D3-BF4B-00C04F79EFBC}") = "PunDemos.DemoSlotcarEditor", "PunDemos.DemoSlotcarEditor.csproj", "{43f2895e-3bcb-9eaf-080e-51b3be8e65c7}"
EndProject
Project("{FAE04EC0-301F-11D3-BF4B-00C04F79EFBC}") = "PlayFabSDKEditor", "PlayFabSDKEditor.csproj", "{52b485a7-22ac-4bac-f77d-9b28ba1c554d}"
EndProject
Global
	GlobalSection(SolutionConfigurationPlatforms) = preSolution
		Debug|Any CPU = Debug|Any CPU
	EndGlobalSection
	GlobalSection(ProjectConfigurationPlatforms) = postSolution
		{a7d09f49-daed-7832-366d-8ab71b2a02ab}.Debug|Any CPU.ActiveCfg = Debug|Any CPU
		{a7d09f49-daed-7832-366d-8ab71b2a02ab}.Debug|Any CPU.Build.0 = Debug|Any CPU
		{22e26fdb-b03e-69be-2319-cbb22d9e23c0}.Debug|Any CPU.ActiveCfg = Debug|Any CPU
		{22e26fdb-b03e-69be-2319-cbb22d9e23c0}.Debug|Any CPU.Build.0 = Debug|Any CPU
		{72e31e8d-8690-7e1c-9b71-f7f0906ca524}.Debug|Any CPU.ActiveCfg = Debug|Any CPU
		{72e31e8d-8690-7e1c-9b71-f7f0906ca524}.Debug|Any CPU.Build.0 = Debug|Any CPU
		{f0f05823-4153-4ef2-ac03-cc59a8dca93b}.Debug|Any CPU.ActiveCfg = Debug|Any CPU
		{f0f05823-4153-4ef2-ac03-cc59a8dca93b}.Debug|Any CPU.Build.0 = Debug|Any CPU
		{d4dd1c03-122d-e1eb-30fe-12563d3bfa31}.Debug|Any CPU.ActiveCfg = Debug|Any CPU
		{d4dd1c03-122d-e1eb-30fe-12563d3bfa31}.Debug|Any CPU.Build.0 = Debug|Any CPU
		{de2ac6bf-daae-aa66-3798-c68053051afe}.Debug|Any CPU.ActiveCfg = Debug|Any CPU
		{de2ac6bf-daae-aa66-3798-c68053051afe}.Debug|Any CPU.Build.0 = Debug|Any CPU
		{0f00456d-d7aa-f621-b7f9-1fe219044e1c}.Debug|Any CPU.ActiveCfg = Debug|Any CPU
		{0f00456d-d7aa-f621-b7f9-1fe219044e1c}.Debug|Any CPU.Build.0 = Debug|Any CPU
		{417b603e-aced-9fca-9e6f-ef6034499000}.Debug|Any CPU.ActiveCfg = Debug|Any CPU
		{417b603e-aced-9fca-9e6f-ef6034499000}.Debug|Any CPU.Build.0 = Debug|Any CPU
		{2b2292d8-fa74-caf6-1bad-0635f3414d5e}.Debug|Any CPU.ActiveCfg = Debug|Any CPU
		{2b2292d8-fa74-caf6-1bad-0635f3414d5e}.Debug|Any CPU.Build.0 = Debug|Any CPU
		{a3197f09-c2db-f6f1-64af-7fd7d055026e}.Debug|Any CPU.ActiveCfg = Debug|Any CPU
		{a3197f09-c2db-f6f1-64af-7fd7d055026e}.Debug|Any CPU.Build.0 = Debug|Any CPU
		{b801f1db-b2cd-b45a-6015-7511bad91969}.Debug|Any CPU.ActiveCfg = Debug|Any CPU
		{b801f1db-b2cd-b45a-6015-7511bad91969}.Debug|Any CPU.Build.0 = Debug|Any CPU
		{7201678b-fa55-a881-0357-79611db65826}.Debug|Any CPU.ActiveCfg = Debug|Any CPU
		{7201678b-fa55-a881-0357-79611db65826}.Debug|Any CPU.Build.0 = Debug|Any CPU
		{c30d1653-a912-1a1a-b34b-ed64949a7141}.Debug|Any CPU.ActiveCfg = Debug|Any CPU
		{c30d1653-a912-1a1a-b34b-ed64949a7141}.Debug|Any CPU.Build.0 = Debug|Any CPU
		{43f2895e-3bcb-9eaf-080e-51b3be8e65c7}.Debug|Any CPU.ActiveCfg = Debug|Any CPU
		{43f2895e-3bcb-9eaf-080e-51b3be8e65c7}.Debug|Any CPU.Build.0 = Debug|Any CPU
		{52b485a7-22ac-4bac-f77d-9b28ba1c554d}.Debug|Any CPU.ActiveCfg = Debug|Any CPU
		{52b485a7-22ac-4bac-f77d-9b28ba1c554d}.Debug|Any CPU.Build.0 = Debug|Any CPU
	EndGlobalSection
	GlobalSection(SolutionProperties) = preSolution
		HideSolutionNode = FALSE
	EndGlobalSection
EndGlobal
